# This file is automatically @generated by Cargo.
# It is not intended for manual editing.
[[package]]
name = "believmr"
version = "0.1.0"
dependencies = [
 "pom 3.0.2 (registry+https://github.com/rust-lang/crates.io-index)",
]

[[package]]
name = "pom"
version = "3.0.2"
source = "registry+https://github.com/rust-lang/crates.io-index"

[metadata]
"checksum pom 3.0.2 (registry+https://github.com/rust-lang/crates.io-index)" = "6b2a5e2f78f76c4e1497a2749d8cf034351d1fcc4facaa800de83845067d2c06"
